
Microsoft Visual Studio Solution File, Format Version 12.00
# Visual Studio Version 17
VisualStudioVersion = 17.7.34031.279
MinimumVisualStudioVersion = 10.0.40219.1
Project("{FAE04EC0-301F-11D3-BF4B-00C04F79EFBC}") = "KuyrukProje", "KuyrukProje.csproj", "{043D9EB6-19D1-4D81-B1F7-B78500F70827}"
EndProject
Global
	GlobalSection(SolutionConfigurationPlatforms) = preSolution
		Debug|Any CPU = Debug|Any CPU
		Release|Any CPU = Release|Any CPU
	EndGlobalSection
	GlobalSection(ProjectConfigurationPlatforms) = postSolution
		{043D9EB6-19D1-4D81-B1F7-B78500F70827}.Debug|Any CPU.ActiveCfg = Debug|Any CPU
		{043D9EB6-19D1-4D81-B1F7-B78500F70827}.Debug|Any CPU.Build.0 = Debug|Any CPU
		{043D9EB6-19D1-4D81-B1F7-B78500F70827}.Release|Any CPU.ActiveCfg = Release|Any CPU
		{043D9EB6-19D1-4D81-B1F7-B78500F70827}.Release|Any CPU.Build.0 = Release|Any CPU
	EndGlobalSection
	GlobalSection(SolutionProperties) = preSolution
		HideSolutionNode = FALSE
	EndGlobalSection
	GlobalSection(ExtensibilityGlobals) = postSolution
		SolutionGuid = {0D7E5D0A-8600-484F-84DF-EABA66A7BF93}
	EndGlobalSection
EndGlobal
